
Microsoft Visual Studio Solution File, Format Version 11.00
# Visual Studio 2010
Project("{FAE04EC0-301F-11D3-BF4B-00C04F79EFBC}") = "SimpleWebTransport", "SimpleWebTransport.csproj", "{6af174ff-4042-5f02-01d9-249cf78351ed}"
EndProject
Project("{FAE04EC0-301F-11D3-BF4B-00C04F79EFBC}") = "Mirror.Examples", "Mirror.Examples.csproj", "{0d17a6f6-2d30-ad7e-2d01-1af194679717}"
EndProject
Project("{FAE04EC0-301F-11D3-BF4B-00C04F79EFBC}") = "Mirror", "Mirror.csproj", "{e93f2339-5382-a813-0dbc-5e30b33d738e}"
EndProject
Project("{FAE04EC0-301F-11D3-BF4B-00C04F79EFBC}") = "Mirror.Components", "Mirror.Components.csproj", "{4a7813a4-8620-b0af-d174-9ba147537d31}"
EndProject
Project("{FAE04EC0-301F-11D3-BF4B-00C04F79EFBC}") = "Mirror.Transports", "Mirror.Transports.csproj", "{e5969384-d6a3-7d17-c9b8-ddb169f02a4d}"
EndProject
Project("{FAE04EC0-301F-11D3-BF4B-00C04F79EFBC}") = "Telepathy", "Telepathy.csproj", "{1235d3e5-b9b2-8f42-1c32-27d5dcdc8b37}"
EndProject
Project("{FAE04EC0-301F-11D3-BF4B-00C04F79EFBC}") = "Assembly-CSharp", "Assembly-CSharp.csproj", "{33e1b203-c951-8caf-c16e-a3e0ff229793}"
EndProject
Project("{FAE04EC0-301F-11D3-BF4B-00C04F79EFBC}") = "kcp2k", "kcp2k.csproj", "{60609ab7-9903-84f5-a25d-b326e5b118e1}"
EndProject
Project("{FAE04EC0-301F-11D3-BF4B-00C04F79EFBC}") = "Mirror.Authenticators", "Mirror.Authenticators.csproj", "{27f3fb80-daa9-6534-859b-046d219f1d87}"
EndProject
Project("{FAE04EC0-301F-11D3-BF4B-00C04F79EFBC}") = "Unity.Mirror.CodeGen", "Unity.Mirror.CodeGen.csproj", "{d43c6b4e-4228-0bdb-1210-b4fdf12587cf}"
EndProject
Project("{FAE04EC0-301F-11D3-BF4B-00C04F79EFBC}") = "Mirror.Editor", "Mirror.Editor.csproj", "{57d2bdb8-b82e-a45c-6cb7-c7e9836a1275}"
EndProject
Project("{FAE04EC0-301F-11D3-BF4B-00C04F79EFBC}") = "Mirror.CompilerSymbols", "Mirror.CompilerSymbols.csproj", "{a566c552-6a4c-3384-273a-d84b7283b56c}"
EndProject
Global
	GlobalSection(SolutionConfigurationPlatforms) = preSolution
		Debug|Any CPU = Debug|Any CPU
	EndGlobalSection
	GlobalSection(ProjectConfigurationPlatforms) = postSolution
		{6af174ff-4042-5f02-01d9-249cf78351ed}.Debug|Any CPU.ActiveCfg = Debug|Any CPU
		{6af174ff-4042-5f02-01d9-249cf78351ed}.Debug|Any CPU.Build.0 = Debug|Any CPU
		{0d17a6f6-2d30-ad7e-2d01-1af194679717}.Debug|Any CPU.ActiveCfg = Debug|Any CPU
		{0d17a6f6-2d30-ad7e-2d01-1af194679717}.Debug|Any CPU.Build.0 = Debug|Any CPU
		{e93f2339-5382-a813-0dbc-5e30b33d738e}.Debug|Any CPU.ActiveCfg = Debug|Any CPU
		{e93f2339-5382-a813-0dbc-5e30b33d738e}.Debug|Any CPU.Build.0 = Debug|Any CPU
		{4a7813a4-8620-b0af-d174-9ba147537d31}.Debug|Any CPU.ActiveCfg = Debug|Any CPU
		{4a7813a4-8620-b0af-d174-9ba147537d31}.Debug|Any CPU.Build.0 = Debug|Any CPU
		{e5969384-d6a3-7d17-c9b8-ddb169f02a4d}.Debug|Any CPU.ActiveCfg = Debug|Any CPU
		{e5969384-d6a3-7d17-c9b8-ddb169f02a4d}.Debug|Any CPU.Build.0 = Debug|Any CPU
		{1235d3e5-b9b2-8f42-1c32-27d5dcdc8b37}.Debug|Any CPU.ActiveCfg = Debug|Any CPU
		{1235d3e5-b9b2-8f42-1c32-27d5dcdc8b37}.Debug|Any CPU.Build.0 = Debug|Any CPU
		{33e1b203-c951-8caf-c16e-a3e0ff229793}.Debug|Any CPU.ActiveCfg = Debug|Any CPU
		{33e1b203-c951-8caf-c16e-a3e0ff229793}.Debug|Any CPU.Build.0 = Debug|Any CPU
		{60609ab7-9903-84f5-a25d-b326e5b118e1}.Debug|Any CPU.ActiveCfg = Debug|Any CPU
		{60609ab7-9903-84f5-a25d-b326e5b118e1}.Debug|Any CPU.Build.0 = Debug|Any CPU
		{27f3fb80-daa9-6534-859b-046d219f1d87}.Debug|Any CPU.ActiveCfg = Debug|Any CPU
		{27f3fb80-daa9-6534-859b-046d219f1d87}.Debug|Any CPU.Build.0 = Debug|Any CPU
		{d43c6b4e-4228-0bdb-1210-b4fdf12587cf}.Debug|Any CPU.ActiveCfg = Debug|Any CPU
		{d43c6b4e-4228-0bdb-1210-b4fdf12587cf}.Debug|Any CPU.Build.0 = Debug|Any CPU
		{57d2bdb8-b82e-a45c-6cb7-c7e9836a1275}.Debug|Any CPU.ActiveCfg = Debug|Any CPU
		{57d2bdb8-b82e-a45c-6cb7-c7e9836a1275}.Debug|Any CPU.Build.0 = Debug|Any CPU
		{a566c552-6a4c-3384-273a-d84b7283b56c}.Debug|Any CPU.ActiveCfg = Debug|Any CPU
		{a566c552-6a4c-3384-273a-d84b7283b56c}.Debug|Any CPU.Build.0 = Debug|Any CPU
	EndGlobalSection
	GlobalSection(SolutionProperties) = preSolution
		HideSolutionNode = FALSE
	EndGlobalSection
EndGlobal
